
Microsoft Visual Studio Solution File, Format Version 12.00
# Visual Studio 15
VisualStudioVersion = 15.0.27130.2010
MinimumVisualStudioVersion = 10.0.40219.1
Project("{8BC9CEB8-8B4A-11D0-8D11-00A0C91BC942}") = "06_02_ProtoSetUp_Start", "06_02_ProtoSetUp_Start\06_02_ProtoSetUp_Start.vcxproj", "{653097C0-A260-449A-99D1-D2E2F251E67B}"
EndProject
Global
	GlobalSection(SolutionConfigurationPlatforms) = preSolution
		Debug|x64 = Debug|x64
		Debug|x86 = Debug|x86
		Release|x64 = Release|x64
		Release|x86 = Release|x86
	EndGlobalSection
	GlobalSection(ProjectConfigurationPlatforms) = postSolution
		{653097C0-A260-449A-99D1-D2E2F251E67B}.Debug|x64.ActiveCfg = Debug|x64
		{653097C0-A260-449A-99D1-D2E2F251E67B}.Debug|x64.Build.0 = Debug|x64
		{653097C0-A260-449A-99D1-D2E2F251E67B}.Debug|x86.ActiveCfg = Debug|Win32
		{653097C0-A260-449A-99D1-D2E2F251E67B}.Debug|x86.Build.0 = Debug|Win32
		{653097C0-A260-449A-99D1-D2E2F251E67B}.Release|x64.ActiveCfg = Release|x64
		{653097C0-A260-449A-99D1-D2E2F251E67B}.Release|x64.Build.0 = Release|x64
		{653097C0-A260-449A-99D1-D2E2F251E67B}.Release|x86.ActiveCfg = Release|Win32
		{653097C0-A260-449A-99D1-D2E2F251E67B}.Release|x86.Build.0 = Release|Win32
	EndGlobalSection
	GlobalSection(SolutionProperties) = preSolution
		HideSolutionNode = FALSE
	EndGlobalSection
	GlobalSection(ExtensibilityGlobals) = postSolution
		SolutionGuid = {003E138D-2A0D-49F9-B665-9936FC7EA8F2}
	EndGlobalSection
EndGlobal
