
Microsoft Visual Studio Solution File, Format Version 12.00
# Visual Studio 15
VisualStudioVersion = 15.0.27130.2027
MinimumVisualStudioVersion = 10.0.40219.1
Project("{8BC9CEB8-8B4A-11D0-8D11-00A0C91BC942}") = "07_04_ThreadSafe", "07_04_ThreadSafe\07_04_ThreadSafe.vcxproj", "{F563A13C-DE0B-4289-AE4B-9CB595986AFF}"
EndProject
Global
	GlobalSection(SolutionConfigurationPlatforms) = preSolution
		Debug|x64 = Debug|x64
		Debug|x86 = Debug|x86
		Release|x64 = Release|x64
		Release|x86 = Release|x86
	EndGlobalSection
	GlobalSection(ProjectConfigurationPlatforms) = postSolution
		{F563A13C-DE0B-4289-AE4B-9CB595986AFF}.Debug|x64.ActiveCfg = Debug|x64
		{F563A13C-DE0B-4289-AE4B-9CB595986AFF}.Debug|x64.Build.0 = Debug|x64
		{F563A13C-DE0B-4289-AE4B-9CB595986AFF}.Debug|x86.ActiveCfg = Debug|Win32
		{F563A13C-DE0B-4289-AE4B-9CB595986AFF}.Debug|x86.Build.0 = Debug|Win32
		{F563A13C-DE0B-4289-AE4B-9CB595986AFF}.Release|x64.ActiveCfg = Release|x64
		{F563A13C-DE0B-4289-AE4B-9CB595986AFF}.Release|x64.Build.0 = Release|x64
		{F563A13C-DE0B-4289-AE4B-9CB595986AFF}.Release|x86.ActiveCfg = Release|Win32
		{F563A13C-DE0B-4289-AE4B-9CB595986AFF}.Release|x86.Build.0 = Release|Win32
	EndGlobalSection
	GlobalSection(SolutionProperties) = preSolution
		HideSolutionNode = FALSE
	EndGlobalSection
	GlobalSection(ExtensibilityGlobals) = postSolution
		SolutionGuid = {1BB1B3FC-C965-46BE-BC78-EB90117D122E}
	EndGlobalSection
EndGlobal
