
Microsoft Visual Studio Solution File, Format Version 12.00
# Visual Studio 15
VisualStudioVersion = 15.0.27130.2010
MinimumVisualStudioVersion = 10.0.40219.1
Project("{8BC9CEB8-8B4A-11D0-8D11-00A0C91BC942}") = "07_02_Singleton_Start", "07_02_Singleton_Start\07_02_Singleton_Start.vcxproj", "{1766B73A-5A55-46BC-B49B-2D29CF3B8482}"
EndProject
Global
	GlobalSection(SolutionConfigurationPlatforms) = preSolution
		Debug|x64 = Debug|x64
		Debug|x86 = Debug|x86
		Release|x64 = Release|x64
		Release|x86 = Release|x86
	EndGlobalSection
	GlobalSection(ProjectConfigurationPlatforms) = postSolution
		{1766B73A-5A55-46BC-B49B-2D29CF3B8482}.Debug|x64.ActiveCfg = Debug|x64
		{1766B73A-5A55-46BC-B49B-2D29CF3B8482}.Debug|x64.Build.0 = Debug|x64
		{1766B73A-5A55-46BC-B49B-2D29CF3B8482}.Debug|x86.ActiveCfg = Debug|Win32
		{1766B73A-5A55-46BC-B49B-2D29CF3B8482}.Debug|x86.Build.0 = Debug|Win32
		{1766B73A-5A55-46BC-B49B-2D29CF3B8482}.Release|x64.ActiveCfg = Release|x64
		{1766B73A-5A55-46BC-B49B-2D29CF3B8482}.Release|x64.Build.0 = Release|x64
		{1766B73A-5A55-46BC-B49B-2D29CF3B8482}.Release|x86.ActiveCfg = Release|Win32
		{1766B73A-5A55-46BC-B49B-2D29CF3B8482}.Release|x86.Build.0 = Release|Win32
	EndGlobalSection
	GlobalSection(SolutionProperties) = preSolution
		HideSolutionNode = FALSE
	EndGlobalSection
	GlobalSection(ExtensibilityGlobals) = postSolution
		SolutionGuid = {3F5DFAED-05D9-40EA-9D1C-E58D58692271}
	EndGlobalSection
EndGlobal
