
Microsoft Visual Studio Solution File, Format Version 12.00
# Visual Studio 15
VisualStudioVersion = 15.0.27130.2010
MinimumVisualStudioVersion = 10.0.40219.1
Project("{8BC9CEB8-8B4A-11D0-8D11-00A0C91BC942}") = "04_07_AbFacSoln_End", "04_07_AbFacSoln_End\04_07_AbFacSoln_End.vcxproj", "{44B7DDE5-4853-46E0-ABD6-A41E0A64A72D}"
EndProject
Global
	GlobalSection(SolutionConfigurationPlatforms) = preSolution
		Debug|x64 = Debug|x64
		Debug|x86 = Debug|x86
		Release|x64 = Release|x64
		Release|x86 = Release|x86
	EndGlobalSection
	GlobalSection(ProjectConfigurationPlatforms) = postSolution
		{44B7DDE5-4853-46E0-ABD6-A41E0A64A72D}.Debug|x64.ActiveCfg = Debug|x64
		{44B7DDE5-4853-46E0-ABD6-A41E0A64A72D}.Debug|x64.Build.0 = Debug|x64
		{44B7DDE5-4853-46E0-ABD6-A41E0A64A72D}.Debug|x86.ActiveCfg = Debug|Win32
		{44B7DDE5-4853-46E0-ABD6-A41E0A64A72D}.Debug|x86.Build.0 = Debug|Win32
		{44B7DDE5-4853-46E0-ABD6-A41E0A64A72D}.Release|x64.ActiveCfg = Release|x64
		{44B7DDE5-4853-46E0-ABD6-A41E0A64A72D}.Release|x64.Build.0 = Release|x64
		{44B7DDE5-4853-46E0-ABD6-A41E0A64A72D}.Release|x86.ActiveCfg = Release|Win32
		{44B7DDE5-4853-46E0-ABD6-A41E0A64A72D}.Release|x86.Build.0 = Release|Win32
	EndGlobalSection
	GlobalSection(SolutionProperties) = preSolution
		HideSolutionNode = FALSE
	EndGlobalSection
	GlobalSection(ExtensibilityGlobals) = postSolution
		SolutionGuid = {F733D5AA-8D5D-455E-A7BA-A885CD626FE7}
	EndGlobalSection
EndGlobal
