
Microsoft Visual Studio Solution File, Format Version 12.00
# Visual Studio 15
VisualStudioVersion = 15.0.27130.2010
MinimumVisualStudioVersion = 10.0.40219.1
Project("{8BC9CEB8-8B4A-11D0-8D11-00A0C91BC942}") = "03_03_FactoryRun_End", "03_03_FactoryRun_End\03_03_FactoryRun_End.vcxproj", "{6A8D64AE-A46F-4426-BC8B-76DA97502C20}"
EndProject
Global
	GlobalSection(SolutionConfigurationPlatforms) = preSolution
		Debug|x64 = Debug|x64
		Debug|x86 = Debug|x86
		Release|x64 = Release|x64
		Release|x86 = Release|x86
	EndGlobalSection
	GlobalSection(ProjectConfigurationPlatforms) = postSolution
		{6A8D64AE-A46F-4426-BC8B-76DA97502C20}.Debug|x64.ActiveCfg = Debug|x64
		{6A8D64AE-A46F-4426-BC8B-76DA97502C20}.Debug|x64.Build.0 = Debug|x64
		{6A8D64AE-A46F-4426-BC8B-76DA97502C20}.Debug|x86.ActiveCfg = Debug|Win32
		{6A8D64AE-A46F-4426-BC8B-76DA97502C20}.Debug|x86.Build.0 = Debug|Win32
		{6A8D64AE-A46F-4426-BC8B-76DA97502C20}.Release|x64.ActiveCfg = Release|x64
		{6A8D64AE-A46F-4426-BC8B-76DA97502C20}.Release|x64.Build.0 = Release|x64
		{6A8D64AE-A46F-4426-BC8B-76DA97502C20}.Release|x86.ActiveCfg = Release|Win32
		{6A8D64AE-A46F-4426-BC8B-76DA97502C20}.Release|x86.Build.0 = Release|Win32
	EndGlobalSection
	GlobalSection(SolutionProperties) = preSolution
		HideSolutionNode = FALSE
	EndGlobalSection
	GlobalSection(ExtensibilityGlobals) = postSolution
		SolutionGuid = {0ED37F3E-1815-4677-A47F-864A7706ABD0}
	EndGlobalSection
EndGlobal
