
Microsoft Visual Studio Solution File, Format Version 12.00
# Visual Studio Version 16
VisualStudioVersion = 16.0.28917.181
MinimumVisualStudioVersion = 10.0.40219.1
Project("{FAE04EC0-301F-11D3-BF4B-00C04F79EFBC}") = "ConsoleApp", "ConsoleApp\ConsoleApp.csproj", "{59F64CED-D2DD-4B5D-81A2-BD22AB66FEEB}"
EndProject
Project("{FAE04EC0-301F-11D3-BF4B-00C04F79EFBC}") = "RobotNameGenerator", "RobotNameGenerator\RobotNameGenerator.csproj", "{7393332E-89C9-4A9F-B157-654DE170636F}"
EndProject
Project("{9A19103F-16F7-4668-BE54-9A1E7A4F7556}") = "MonsterCardsWebApp", "MonsterCardsWebApp\MonsterCardsWebApp.csproj", "{B836787E-35D9-4DF8-9670-BF2DAE737D3F}"
EndProject
Global
	GlobalSection(SolutionConfigurationPlatforms) = preSolution
		Debug|Any CPU = Debug|Any CPU
		Release|Any CPU = Release|Any CPU
	EndGlobalSection
	GlobalSection(ProjectConfigurationPlatforms) = postSolution
		{59F64CED-D2DD-4B5D-81A2-BD22AB66FEEB}.Debug|Any CPU.ActiveCfg = Debug|Any CPU
		{59F64CED-D2DD-4B5D-81A2-BD22AB66FEEB}.Debug|Any CPU.Build.0 = Debug|Any CPU
		{59F64CED-D2DD-4B5D-81A2-BD22AB66FEEB}.Release|Any CPU.ActiveCfg = Release|Any CPU
		{59F64CED-D2DD-4B5D-81A2-BD22AB66FEEB}.Release|Any CPU.Build.0 = Release|Any CPU
		{7393332E-89C9-4A9F-B157-654DE170636F}.Debug|Any CPU.ActiveCfg = Debug|Any CPU
		{7393332E-89C9-4A9F-B157-654DE170636F}.Debug|Any CPU.Build.0 = Debug|Any CPU
		{7393332E-89C9-4A9F-B157-654DE170636F}.Release|Any CPU.ActiveCfg = Release|Any CPU
		{7393332E-89C9-4A9F-B157-654DE170636F}.Release|Any CPU.Build.0 = Release|Any CPU
		{B836787E-35D9-4DF8-9670-BF2DAE737D3F}.Debug|Any CPU.ActiveCfg = Debug|Any CPU
		{B836787E-35D9-4DF8-9670-BF2DAE737D3F}.Debug|Any CPU.Build.0 = Debug|Any CPU
		{B836787E-35D9-4DF8-9670-BF2DAE737D3F}.Release|Any CPU.ActiveCfg = Release|Any CPU
		{B836787E-35D9-4DF8-9670-BF2DAE737D3F}.Release|Any CPU.Build.0 = Release|Any CPU
	EndGlobalSection
	GlobalSection(SolutionProperties) = preSolution
		HideSolutionNode = FALSE
	EndGlobalSection
	GlobalSection(ExtensibilityGlobals) = postSolution
		SolutionGuid = {26AA8474-AA8E-4B62-990A-B738E351C2D9}
	EndGlobalSection
EndGlobal
