
Microsoft Visual Studio Solution File, Format Version 12.00
# Visual Studio 15
VisualStudioVersion = 15.0.27130.2010
MinimumVisualStudioVersion = 10.0.40219.1
Project("{8BC9CEB8-8B4A-11D0-8D11-00A0C91BC942}") = "06_03_ProtoRun_Start", "06_03_ProtoRun_Start\06_03_ProtoRun_Start.vcxproj", "{C541289C-5FB2-426E-A5E0-54CA11CF5A8E}"
EndProject
Global
	GlobalSection(SolutionConfigurationPlatforms) = preSolution
		Debug|x64 = Debug|x64
		Debug|x86 = Debug|x86
		Release|x64 = Release|x64
		Release|x86 = Release|x86
	EndGlobalSection
	GlobalSection(ProjectConfigurationPlatforms) = postSolution
		{C541289C-5FB2-426E-A5E0-54CA11CF5A8E}.Debug|x64.ActiveCfg = Debug|x64
		{C541289C-5FB2-426E-A5E0-54CA11CF5A8E}.Debug|x64.Build.0 = Debug|x64
		{C541289C-5FB2-426E-A5E0-54CA11CF5A8E}.Debug|x86.ActiveCfg = Debug|Win32
		{C541289C-5FB2-426E-A5E0-54CA11CF5A8E}.Debug|x86.Build.0 = Debug|Win32
		{C541289C-5FB2-426E-A5E0-54CA11CF5A8E}.Release|x64.ActiveCfg = Release|x64
		{C541289C-5FB2-426E-A5E0-54CA11CF5A8E}.Release|x64.Build.0 = Release|x64
		{C541289C-5FB2-426E-A5E0-54CA11CF5A8E}.Release|x86.ActiveCfg = Release|Win32
		{C541289C-5FB2-426E-A5E0-54CA11CF5A8E}.Release|x86.Build.0 = Release|Win32
	EndGlobalSection
	GlobalSection(SolutionProperties) = preSolution
		HideSolutionNode = FALSE
	EndGlobalSection
	GlobalSection(ExtensibilityGlobals) = postSolution
		SolutionGuid = {1D49AF50-31D9-498E-8442-E429720D4FAA}
	EndGlobalSection
EndGlobal
