
Microsoft Visual Studio Solution File, Format Version 12.00
# Visual Studio 15
VisualStudioVersion = 15.0.27130.2010
MinimumVisualStudioVersion = 10.0.40219.1
Project("{8BC9CEB8-8B4A-11D0-8D11-00A0C91BC942}") = "04_06_AbFacChallenge_Start", "04_06_AbFacChallenge_Start\04_06_AbFacChallenge_Start.vcxproj", "{2D3695C5-6E0C-475A-AAE1-8A6408B9AEC1}"
EndProject
Global
	GlobalSection(SolutionConfigurationPlatforms) = preSolution
		Debug|x64 = Debug|x64
		Debug|x86 = Debug|x86
		Release|x64 = Release|x64
		Release|x86 = Release|x86
	EndGlobalSection
	GlobalSection(ProjectConfigurationPlatforms) = postSolution
		{2D3695C5-6E0C-475A-AAE1-8A6408B9AEC1}.Debug|x64.ActiveCfg = Debug|x64
		{2D3695C5-6E0C-475A-AAE1-8A6408B9AEC1}.Debug|x64.Build.0 = Debug|x64
		{2D3695C5-6E0C-475A-AAE1-8A6408B9AEC1}.Debug|x86.ActiveCfg = Debug|Win32
		{2D3695C5-6E0C-475A-AAE1-8A6408B9AEC1}.Debug|x86.Build.0 = Debug|Win32
		{2D3695C5-6E0C-475A-AAE1-8A6408B9AEC1}.Release|x64.ActiveCfg = Release|x64
		{2D3695C5-6E0C-475A-AAE1-8A6408B9AEC1}.Release|x64.Build.0 = Release|x64
		{2D3695C5-6E0C-475A-AAE1-8A6408B9AEC1}.Release|x86.ActiveCfg = Release|Win32
		{2D3695C5-6E0C-475A-AAE1-8A6408B9AEC1}.Release|x86.Build.0 = Release|Win32
	EndGlobalSection
	GlobalSection(SolutionProperties) = preSolution
		HideSolutionNode = FALSE
	EndGlobalSection
	GlobalSection(ExtensibilityGlobals) = postSolution
		SolutionGuid = {2A2A0C12-3368-4456-B833-89E99F8641FF}
	EndGlobalSection
EndGlobal
